// !$*UTF8*$!
{
	archiveVersion = 1;
	classes = {
	};
	objectVersion = 48;
	objects = {

/* Begin PBXBuildFile section */
		4D6B90691FE5DB260071DB46 /* AppDelegate.swift in Sources */ = {isa = PBXBuildFile; fileRef = 4D6B90681FE5DB260071DB46 /* AppDelegate.swift */; };
		4D6B906B1FE5DB260071DB46 /* ViewController.swift in Sources */ = {isa = PBXBuildFile; fileRef = 4D6B906A1FE5DB260071DB46 /* ViewController.swift */; };
		4D6B906E1FE5DB260071DB46 /* Main.storyboard in Resources */ = {isa = PBXBuildFile; fileRef = 4D6B906C1FE5DB260071DB46 /* Main.storyboard */; };
		4D6B90701FE5DB260071DB46 /* Assets.xcassets in Resources */ = {isa = PBXBuildFile; fileRef = 4D6B906F1FE5DB260071DB46 /* Assets.xcassets */; };
		4D6B90731FE5DB260071DB46 /* LaunchScreen.storyboard in Resources */ = {isa = PBXBuildFile; fileRef = 4D6B90711FE5DB260071DB46 /* LaunchScreen.storyboard */; };
		4D6B907E1FE5DB260071DB46 /* HelloWorldTests.swift in Sources */ = {isa = PBXBuildFile; fileRef = 4D6B907D1FE5DB260071DB46 /* HelloWorldTests.swift */; };
		4D6B90891FE5DB260071DB46 /* HelloWorldUITests.swift in Sources */ = {isa = PBXBuildFile; fileRef = 4D6B90881FE5DB260071DB46 /* HelloWorldUITests.swift */; };
/* End PBXBuildFile section */

/* Begin PBXContainerItemProxy section */
		4D6B907A1FE5DB260071DB46 /* PBXContainerItemProxy */ = {
			isa = PBXContainerItemProxy;
			containerPortal = 4D6B905D1FE5DB250071DB46 /* Project object */;
			proxyType = 1;
			remoteGlobalIDString = 4D6B90641FE5DB250071DB46;
			remoteInfo = HelloWorld;
		};
		4D6B90851FE5DB260071DB46 /* PBXContainerItemProxy */ = {
			isa = PBXContainerItemProxy;
			containerPortal = 4D6B905D1FE5DB250071DB46 /* Project object */;
			proxyType = 1;
			remoteGlobalIDString = 4D6B90641FE5DB250071DB46;
			remoteInfo = HelloWorld;
		};
/* End PBXContainerItemProxy section */

/* Begin PBXFileReference section */
		4D6B90651FE5DB250071DB46 /* HelloWorld.app */ = {isa = PBXFileReference; explicitFileType = wrapper.application; includeInIndex = 0; path = HelloWorld.app; sourceTree = BUILT_PRODUCTS_DIR; };
		4D6B90681FE5DB260071DB46 /* AppDelegate.swift */ = {isa = PBXFileReference; lastKnownFileType = sourcecode.swift; path = AppDelegate.swift; sourceTree = "<group>"; };
		4D6B906A1FE5DB260071DB46 /* ViewController.swift */ = {isa = PBXFileReference; lastKnownFileType = sourcecode.swift; path = ViewController.swift; sourceTree = "<group>"; };
		4D6B906D1FE5DB260071DB46 /* Base */ = {isa = PBXFileReference; lastKnownFileType = file.storyboard; name = Base; path = Base.lproj/Main.storyboard; sourceTree = "<group>"; };
		4D6B906F1FE5DB260071DB46 /* Assets.xcassets */ = {isa = PBXFileReference; lastKnownFileType = folder.assetcatalog; path = Assets.xcassets; sourceTree = "<group>"; };
		4D6B90721FE5DB260071DB46 /* Base */ = {isa = PBXFileReference; lastKnownFileType = file.storyboard; name = Base; path = Base.lproj/LaunchScreen.storyboard; sourceTree = "<group>"; };
		4D6B90741FE5DB260071DB46 /* Info.plist */ = {isa = PBXFileReference; lastKnownFileType = text.plist.xml; path = Info.plist; sourceTree = "<group>"; };
		4D6B90791FE5DB260071DB46 /* HelloWorldTests.xctest */ = {isa = PBXFileReference; explicitFileType = wrapper.cfbundle; includeInIndex = 0; path = HelloWorldTests.xctest; sourceTree = BUILT_PRODUCTS_DIR; };
		4D6B907D1FE5DB260071DB46 /* HelloWorldTests.swift */ = {isa = PBXFileReference; lastKnownFileType = sourcecode.swift; path = HelloWorldTests.swift; sourceTree = "<group>"; };
		4D6B907F1FE5DB260071DB46 /* Info.plist */ = {isa = PBXFileReference; lastKnownFileType = text.plist.xml; path = Info.plist; sourceTree = "<group>"; };
		4D6B90841FE5DB260071DB46 /* HelloWorldUITests.xctest */ = {isa = PBXFileReference; explicitFileType = wrapper.cfbundle; includeInIndex = 0; path = HelloWorldUITests.xctest; sourceTree = BUILT_PRODUCTS_DIR; };
		4D6B90881FE5DB260071DB46 /* HelloWorldUITests.swift */ = {isa = PBXFileReference; lastKnownFileType = sourcecode.swift; path = HelloWorldUITests.swift; sourceTree = "<group>"; };
		4D6B908A1FE5DB260071DB46 /* Info.plist */ = {isa = PBXFileReference; lastKnownFileType = text.plist.xml; path = Info.plist; sourceTree = "<group>"; };
/* End PBXFileReference section */

/* Begin PBXFrameworksBuildPhase section */
		4D6B90621FE5DB250071DB46 /* Frameworks */ = {
			isa = PBXFrameworksBuildPhase;
			buildActionMask = 2147483647;
			files = (
			);
			runOnlyForDeploymentPostprocessing = 0;
		};
		4D6B90761FE5DB260071DB46 /* Frameworks */ = {
			isa = PBXFrameworksBuildPhase;
			buildActionMask = 2147483647;
			files = (
			);
			runOnlyForDeploymentPostprocessing = 0;
		};
		4D6B90811FE5DB260071DB46 /* Frameworks */ = {
			isa = PBXFrameworksBuildPhase;
			buildActionMask = 2147483647;
			files = (
			);
			runOnlyForDeploymentPostprocessing = 0;
		};
/* End PBXFrameworksBuildPhase section */

/* Begin PBXGroup section */
		4D6B905C1FE5DB250071DB46 = {
			isa = PBXGroup;
			children = (
				4D6B90671FE5DB250071DB46 /* HelloWorld */,
				4D6B907C1FE5DB260071DB46 /* HelloWorldTests */,
				4D6B90871FE5DB260071DB46 /* HelloWorldUITests */,
				4D6B90661FE5DB250071DB46 /* Products */,
			);
			sourceTree = "<group>";
		};
		4D6B90661FE5DB250071DB46 /* Products */ = {
			isa = PBXGroup;
			children = (
				4D6B90651FE5DB250071DB46 /* HelloWorld.app */,
				4D6B90791FE5DB260071DB46 /* HelloWorldTests.xctest */,
				4D6B90841FE5DB260071DB46 /* HelloWorldUITests.xctest */,
			);
			name = Products;
			sourceTree = "<group>";
		};
		4D6B90671FE5DB250071DB46 /* HelloWorld */ = {
			isa = PBXGroup;
			children = (
				4D6B90681FE5DB260071DB46 /* AppDelegate.swift */,
				4D6B906A1FE5DB260071DB46 /* ViewController.swift */,
				4D6B906C1FE5DB260071DB46 /* Main.storyboard */,
				4D6B906F1FE5DB260071DB46 /* Assets.xcassets */,
				4D6B90711FE5DB260071DB46 /* LaunchScreen.storyboard */,
				4D6B90741FE5DB260071DB46 /* Info.plist */,
			);
			path = HelloWorld;
			sourceTree = "<group>";
		};
		4D6B907C1FE5DB260071DB46 /* HelloWorldTests */ = {
			isa = PBXGroup;
			children = (
				4D6B907D1FE5DB260071DB46 /* HelloWorldTests.swift */,
				4D6B907F1FE5DB260071DB46 /* Info.plist */,
			);
			path = HelloWorldTests;
			sourceTree = "<group>";
		};
		4D6B90871FE5DB260071DB46 /* HelloWorldUITests */ = {
			isa = PBXGroup;
			children = (
				4D6B90881FE5DB260071DB46 /* HelloWorldUITests.swift */,
				4D6B908A1FE5DB260071DB46 /* Info.plist */,
			);
			path = HelloWorldUITests;
			sourceTree = "<group>";
		};
/* End PBXGroup section */

/* Begin PBXNativeTarget section */
		4D6B90641FE5DB250071DB46 /* HelloWorld */ = {
			isa = PBXNativeTarget;
			buildConfigurationList = 4D6B908D1FE5DB260071DB46 /* Build configuration list for PBXNativeTarget "HelloWorld" */;
			buildPhases = (
				4D6B90611FE5DB250071DB46 /* Sources */,
				4D6B90621FE5DB250071DB46 /* Frameworks */,
				4D6B90631FE5DB250071DB46 /* Resources */,
			);
			buildRules = (
			);
			dependencies = (
			);
			name = HelloWorld;
			productName = HelloWorld;
			productReference = 4D6B90651FE5DB250071DB46 /* HelloWorld.app */;
			productType = "com.apple.product-type.application";
		};
		4D6B90781FE5DB260071DB46 /* HelloWorldTests */ = {
			isa = PBXNativeTarget;
			buildConfigurationList = 4D6B90901FE5DB260071DB46 /* Build configuration list for PBXNativeTarget "HelloWorldTests" */;
			buildPhases = (
				4D6B90751FE5DB260071DB46 /* Sources */,
				4D6B90761FE5DB260071DB46 /* Frameworks */,
				4D6B90771FE5DB260071DB46 /* Resources */,
			);
			buildRules = (
			);
			dependencies = (
				4D6B907B1FE5DB260071DB46 /* PBXTargetDependency */,
			);
			name = HelloWorldTests;
			productName = HelloWorldTests;
			productReference = 4D6B90791FE5DB260071DB46 /* HelloWorldTests.xctest */;
			productType = "com.apple.product-type.bundle.unit-test";
		};
		4D6B90831FE5DB260071DB46 /* HelloWorldUITests */ = {
			isa = PBXNativeTarget;
			buildConfigurationList = 4D6B90931FE5DB260071DB46 /* Build configuration list for PBXNativeTarget "HelloWorldUITests" */;
			buildPhases = (
				4D6B90801FE5DB260071DB46 /* Sources */,
				4D6B90811FE5DB260071DB46 /* Frameworks */,
				4D6B90821FE5DB260071DB46 /* Resources */,
			);
			buildRules = (
			);
			dependencies = (
				4D6B90861FE5DB260071DB46 /* PBXTargetDependency */,
			);
			name = HelloWorldUITests;
			productName = HelloWorldUITests;
			productReference = 4D6B90841FE5DB260071DB46 /* HelloWorldUITests.xctest */;
			productType = "com.apple.product-type.bundle.ui-testing";
		};
/* End PBXNativeTarget section */

/* Begin PBXProject section */
		4D6B905D1FE5DB250071DB46 /* Project object */ = {
			isa = PBXProject;
			attributes = {
				LastSwiftUpdateCheck = 0900;
				LastUpgradeCheck = 0900;
				ORGANIZATIONNAME = "Lydia Krasucki";
				TargetAttributes = {
					4D6B90641FE5DB250071DB46 = {
						CreatedOnToolsVersion = 9.0;
						ProvisioningStyle = Automatic;
					};
					4D6B90781FE5DB260071DB46 = {
						CreatedOnToolsVersion = 9.0;
						ProvisioningStyle = Automatic;
						TestTargetID = 4D6B90641FE5DB250071DB46;
					};
					4D6B90831FE5DB260071DB46 = {
						CreatedOnToolsVersion = 9.0;
						ProvisioningStyle = Automatic;
						TestTargetID = 4D6B90641FE5DB250071DB46;
					};
				};
			};
			buildConfigurationList = 4D6B90601FE5DB250071DB46 /* Build configuration list for PBXProject "HelloWorld" */;
			compatibilityVersion = "Xcode 8.0";
			developmentRegion = en;
			hasScannedForEncodings = 0;
			knownRegions = (
				en,
				Base,
			);
			mainGroup = 4D6B905C1FE5DB250071DB46;
			productRefGroup = 4D6B90661FE5DB250071DB46 /* Products */;
			projectDirPath = "";
			projectRoot = "";
			targets = (
				4D6B90641FE5DB250071DB46 /* HelloWorld */,
				4D6B90781FE5DB260071DB46 /* HelloWorldTests */,
				4D6B90831FE5DB260071DB46 /* HelloWorldUITests */,
			);
		};
/* End PBXProject section */

/* Begin PBXResourcesBuildPhase section */
		4D6B90631FE5DB250071DB46 /* Resources */ = {
			isa = PBXResourcesBuildPhase;
			buildActionMask = 2147483647;
			files = (
				4D6B90731FE5DB260071DB46 /* LaunchScreen.storyboard in Resources */,
				4D6B90701FE5DB260071DB46 /* Assets.xcassets in Resources */,
				4D6B906E1FE5DB260071DB46 /* Main.storyboard in Resources */,
			);
			runOnlyForDeploymentPostprocessing = 0;
		};
		4D6B90771FE5DB260071DB46 /* Resources */ = {
			isa = PBXResourcesBuildPhase;
			buildActionMask = 2147483647;
			files = (
			);
			runOnlyForDeploymentPostprocessing = 0;
		};
		4D6B90821FE5DB260071DB46 /* Resources */ = {
			isa = PBXResourcesBuildPhase;
			buildActionMask = 2147483647;
			files = (
			);
			runOnlyForDeploymentPostprocessing = 0;
		};
/* End PBXResourcesBuildPhase section */

/* Begin PBXSourcesBuildPhase section */
		4D6B90611FE5DB250071DB46 /* Sources */ = {
			isa = PBXSourcesBuildPhase;
			buildActionMask = 2147483647;
			files = (
				4D6B906B1FE5DB260071DB46 /* ViewController.swift in Sources */,
				4D6B90691FE5DB260071DB46 /* AppDelegate.swift in Sources */,
			);
			runOnlyForDeploymentPostprocessing = 0;
		};
		4D6B90751FE5DB260071DB46 /* Sources */ = {
			isa = PBXSourcesBuildPhase;
			buildActionMask = 2147483647;
			files = (
				4D6B907E1FE5DB260071DB46 /* HelloWorldTests.swift in Sources */,
			);
			runOnlyForDeploymentPostprocessing = 0;
		};
		4D6B90801FE5DB260071DB46 /* Sources */ = {
			isa = PBXSourcesBuildPhase;
			buildActionMask = 2147483647;
			files = (
				4D6B90891FE5DB260071DB46 /* HelloWorldUITests.swift in Sources */,
			);
			runOnlyForDeploymentPostprocessing = 0;
		};
/* End PBXSourcesBuildPhase section */

/* Begin PBXTargetDependency section */
		4D6B907B1FE5DB260071DB46 /* PBXTargetDependency */ = {
			isa = PBXTargetDependency;
			target = 4D6B90641FE5DB250071DB46 /* HelloWorld */;
			targetProxy = 4D6B907A1FE5DB260071DB46 /* PBXContainerItemProxy */;
		};
		4D6B90861FE5DB260071DB46 /* PBXTargetDependency */ = {
			isa = PBXTargetDependency;
			target = 4D6B90641FE5DB250071DB46 /* HelloWorld */;
			targetProxy = 4D6B90851FE5DB260071DB46 /* PBXContainerItemProxy */;
		};
/* End PBXTargetDependency section */

/* Begin PBXVariantGroup section */
		4D6B906C1FE5DB260071DB46 /* Main.storyboard */ = {
			isa = PBXVariantGroup;
			children = (
				4D6B906D1FE5DB260071DB46 /* Base */,
			);
			name = Main.storyboard;
			sourceTree = "<group>";
		};
		4D6B90711FE5DB260071DB46 /* LaunchScreen.storyboard */ = {
			isa = PBXVariantGroup;
			children = (
				4D6B90721FE5DB260071DB46 /* Base */,
			);
			name = LaunchScreen.storyboard;
			sourceTree = "<group>";
		};
/* End PBXVariantGroup section */

/* Begin XCBuildConfiguration section */
		4D6B908B1FE5DB260071DB46 /* Debug */ = {
			isa = XCBuildConfiguration;
			buildSettings = {
				ALWAYS_SEARCH_USER_PATHS = NO;
				CLANG_ANALYZER_NONNULL = YES;
				CLANG_ANALYZER_NUMBER_OBJECT_CONVERSION = YES_AGGRESSIVE;
				CLANG_CXX_LANGUAGE_STANDARD = "gnu++14";
				CLANG_CXX_LIBRARY = "libc++";
				CLANG_ENABLE_MODULES = YES;
				CLANG_ENABLE_OBJC_ARC = YES;
				CLANG_WARN_BLOCK_CAPTURE_AUTORELEASING = YES;
				CLANG_WARN_BOOL_CONVERSION = YES;
				CLANG_WARN_COMMA = YES;
				CLANG_WARN_CONSTANT_CONVERSION = YES;
				CLANG_WARN_DIRECT_OBJC_ISA_USAGE = YES_ERROR;
				CLANG_WARN_DOCUMENTATION_COMMENTS = YES;
				CLANG_WARN_EMPTY_BODY = YES;
				CLANG_WARN_ENUM_CONVERSION = YES;
				CLANG_WARN_INFINITE_RECURSION = YES;
				CLANG_WARN_INT_CONVERSION = YES;
				CLANG_WARN_NON_LITERAL_NULL_CONVERSION = YES;
				CLANG_WARN_OBJC_LITERAL_CONVERSION = YES;
				CLANG_WARN_OBJC_ROOT_CLASS = YES_ERROR;
				CLANG_WARN_RANGE_LOOP_ANALYSIS = YES;
				CLANG_WARN_STRICT_PROTOTYPES = YES;
				CLANG_WARN_SUSPICIOUS_MOVE = YES;
				CLANG_WARN_UNGUARDED_AVAILABILITY = YES_AGGRESSIVE;
				CLANG_WARN_UNREACHABLE_CODE = YES;
				CLANG_WARN__DUPLICATE_METHOD_MATCH = YES;
				CODE_SIGN_IDENTITY = "iPhone Developer";
				COPY_PHASE_STRIP = NO;
				DEBUG_INFORMATION_FORMAT = dwarf;
				ENABLE_STRICT_OBJC_MSGSEND = YES;
				ENABLE_TESTABILITY = YES;
				GCC_C_LANGUAGE_STANDARD = gnu11;
				GCC_DYNAMIC_NO_PIC = NO;
				GCC_NO_COMMON_BLOCKS = YES;
				GCC_OPTIMIZATION_LEVEL = 0;
				GCC_PREPROCESSOR_DEFINITIONS = (
					"DEBUG=1",
					"$(inherited)",
				);
				GCC_WARN_64_TO_32_BIT_CONVERSION = YES;
				GCC_WARN_ABOUT_RETURN_TYPE = YES_ERROR;
				GCC_WARN_UNDECLARED_SELECTOR = YES;
				GCC_WARN_UNINITIALIZED_AUTOS = YES_AGGRESSIVE;
				GCC_WARN_UNUSED_FUNCTION = YES;
				GCC_WARN_UNUSED_VARIABLE = YES;
				IPHONEOS_DEPLOYMENT_TARGET = 11.0;
				MTL_ENABLE_DEBUG_INFO = YES;
				ONLY_ACTIVE_ARCH = YES;
				SDKROOT = iphoneos;
				SWIFT_ACTIVE_COMPILATION_CONDITIONS = DEBUG;
				SWIFT_OPTIMIZATION_LEVEL = "-Onone";
			};
			name = Debug;
		};
		4D6B908C1FE5DB260071DB46 /* Release */ = {
			isa = XCBuildConfiguration;
			buildSettings = {
				ALWAYS_SEARCH_USER_PATHS = NO;
				CLANG_ANALYZER_NONNULL = YES;
				CLANG_ANALYZER_NUMBER_OBJECT_CONVERSION = YES_AGGRESSIVE;
				CLANG_CXX_LANGUAGE_STANDARD = "gnu++14";
				CLANG_CXX_LIBRARY = "libc++";
				CLANG_ENABLE_MODULES = YES;
				CLANG_ENABLE_OBJC_ARC = YES;
				CLANG_WARN_BLOCK_CAPTURE_AUTORELEASING = YES;
				CLANG_WARN_BOOL_CONVERSION = YES;
				CLANG_WARN_COMMA = YES;
				CLANG_WARN_CONSTANT_CONVERSION = YES;
				CLANG_WARN_DIRECT_OBJC_ISA_USAGE = YES_ERROR;
				CLANG_WARN_DOCUMENTATION_COMMENTS = YES;
				CLANG_WARN_EMPTY_BODY = YES;
				CLANG_WARN_ENUM_CONVERSION = YES;
				CLANG_WARN_INFINITE_RECURSION = YES;
				CLANG_WARN_INT_CONVERSION = YES;
				CLANG_WARN_NON_LITERAL_NULL_CONVERSION = YES;
				CLANG_WARN_OBJC_LITERAL_CONVERSION = YES;
				CLANG_WARN_OBJC_ROOT_CLASS = YES_ERROR;
				CLANG_WARN_RANGE_LOOP_ANALYSIS = YES;
				CLANG_WARN_STRICT_PROTOTYPES = YES;
				CLANG_WARN_SUSPICIOUS_MOVE = YES;
				CLANG_WARN_UNGUARDED_AVAILABILITY = YES_AGGRESSIVE;
				CLANG_WARN_UNREACHABLE_CODE = YES;
				CLANG_WARN__DUPLICATE_METHOD_MATCH = YES;
				CODE_SIGN_IDENTITY = "iPhone Developer";
				COPY_PHASE_STRIP = NO;
				DEBUG_INFORMATION_FORMAT = "dwarf-with-dsym";
				ENABLE_NS_ASSERTIONS = NO;
				ENABLE_STRICT_OBJC_MSGSEND = YES;
				GCC_C_LANGUAGE_STANDARD = gnu11;
				GCC_NO_COMMON_BLOCKS = YES;
				GCC_WARN_64_TO_32_BIT_CONVERSION = YES;
				GCC_WARN_ABOUT_RETURN_TYPE = YES_ERROR;
				GCC_WARN_UNDECLARED_SELECTOR = YES;
				GCC_WARN_UNINITIALIZED_AUTOS = YES_AGGRESSIVE;
				GCC_WARN_UNUSED_FUNCTION = YES;
				GCC_WARN_UNUSED_VARIABLE = YES;
				IPHONEOS_DEPLOYMENT_TARGET = 11.0;
				MTL_ENABLE_DEBUG_INFO = NO;
				SDKROOT = iphoneos;
				SWIFT_OPTIMIZATION_LEVEL = "-Owholemodule";
				VALIDATE_PRODUCT = YES;
			};
			name = Release;
		};
		4D6B908E1FE5DB260071DB46 /* Debug */ = {
			isa = XCBuildConfiguration;
			buildSettings = {
				ASSETCATALOG_COMPILER_APPICON_NAME = AppIcon;
				CODE_SIGN_STYLE = Automatic;
				INFOPLIST_FILE = HelloWorld/Info.plist;
				LD_RUNPATH_SEARCH_PATHS = "$(inherited) @executable_path/Frameworks";
				PRODUCT_BUNDLE_IDENTIFIER = lkyq9.com.HelloWorld;
				PRODUCT_NAME = "$(TARGET_NAME)";
				SWIFT_VERSION = 4.0;
				TARGETED_DEVICE_FAMILY = "1,2";
			};
			name = Debug;
		};
		4D6B908F1FE5DB260071DB46 /* Release */ = {
			isa = XCBuildConfiguration;
			buildSettings = {
				ASSETCATALOG_COMPILER_APPICON_NAME = AppIcon;
				CODE_SIGN_STYLE = Automatic;
				INFOPLIST_FILE = HelloWorld/Info.plist;
				LD_RUNPATH_SEARCH_PATHS = "$(inherited) @executable_path/Frameworks";
				PRODUCT_BUNDLE_IDENTIFIER = lkyq9.com.HelloWorld;
				PRODUCT_NAME = "$(TARGET_NAME)";
				SWIFT_VERSION = 4.0;
				TARGETED_DEVICE_FAMILY = "1,2";
			};
			name = Release;
		};
		4D6B90911FE5DB260071DB46 /* Debug */ = {
			isa = XCBuildConfiguration;
			buildSettings = {
				ALWAYS_EMBED_SWIFT_STANDARD_LIBRARIES = YES;
				BUNDLE_LOADER = "$(TEST_HOST)";
				CODE_SIGN_STYLE = Automatic;
				INFOPLIST_FILE = HelloWorldTests/Info.plist;
				LD_RUNPATH_SEARCH_PATHS = "$(inherited) @executable_path/Frameworks @loader_path/Frameworks";
				PRODUCT_BUNDLE_IDENTIFIER = lkyq9.com.HelloWorldTests;
				PRODUCT_NAME = "$(TARGET_NAME)";
				SWIFT_VERSION = 4.0;
				TARGETED_DEVICE_FAMILY = "1,2";
				TEST_HOST = "$(BUILT_PRODUCTS_DIR)/HelloWorld.app/HelloWorld";
			};
			name = Debug;
		};
		4D6B90921FE5DB260071DB46 /* Release */ = {
			isa = XCBuildConfiguration;
			buildSettings = {
				ALWAYS_EMBED_SWIFT_STANDARD_LIBRARIES = YES;
				BUNDLE_LOADER = "$(TEST_HOST)";
				CODE_SIGN_STYLE = Automatic;
				INFOPLIST_FILE = HelloWorldTests/Info.plist;
				LD_RUNPATH_SEARCH_PATHS = "$(inherited) @executable_path/Frameworks @loader_path/Frameworks";
				PRODUCT_BUNDLE_IDENTIFIER = lkyq9.com.HelloWorldTests;
				PRODUCT_NAME = "$(TARGET_NAME)";
				SWIFT_VERSION = 4.0;
				TARGETED_DEVICE_FAMILY = "1,2";
				TEST_HOST = "$(BUILT_PRODUCTS_DIR)/HelloWorld.app/HelloWorld";
			};
			name = Release;
		};
		4D6B90941FE5DB260071DB46 /* Debug */ = {
			isa = XCBuildConfiguration;
			buildSettings = {
				ALWAYS_EMBED_SWIFT_STANDARD_LIBRARIES = YES;
				CODE_SIGN_STYLE = Automatic;
				INFOPLIST_FILE = HelloWorldUITests/Info.plist;
				LD_RUNPATH_SEARCH_PATHS = "$(inherited) @executable_path/Frameworks @loader_path/Frameworks";
				PRODUCT_BUNDLE_IDENTIFIER = lkyq9.com.HelloWorldUITests;
				PRODUCT_NAME = "$(TARGET_NAME)";
				SWIFT_VERSION = 4.0;
				TARGETED_DEVICE_FAMILY = "1,2";
				TEST_TARGET_NAME = HelloWorld;
			};
			name = Debug;
		};
		4D6B90951FE5DB260071DB46 /* Release */ = {
			isa = XCBuildConfiguration;
			buildSettings = {
				ALWAYS_EMBED_SWIFT_STANDARD_LIBRARIES = YES;
				CODE_SIGN_STYLE = Automatic;
				INFOPLIST_FILE = HelloWorldUITests/Info.plist;
				LD_RUNPATH_SEARCH_PATHS = "$(inherited) @executable_path/Frameworks @loader_path/Frameworks";
				PRODUCT_BUNDLE_IDENTIFIER = lkyq9.com.HelloWorldUITests;
				PRODUCT_NAME = "$(TARGET_NAME)";
				SWIFT_VERSION = 4.0;
				TARGETED_DEVICE_FAMILY = "1,2";
				TEST_TARGET_NAME = HelloWorld;
			};
			name = Release;
		};
/* End XCBuildConfiguration section */

/* Begin XCConfigurationList section */
		4D6B90601FE5DB250071DB46 /* Build configuration list for PBXProject "HelloWorld" */ = {
			isa = XCConfigurationList;
			buildConfigurations = (
				4D6B908B1FE5DB260071DB46 /* Debug */,
				4D6B908C1FE5DB260071DB46 /* Release */,
			);
			defaultConfigurationIsVisible = 0;
			defaultConfigurationName = Release;
		};
		4D6B908D1FE5DB260071DB46 /* Build configuration list for PBXNativeTarget "HelloWorld" */ = {
			isa = XCConfigurationList;
			buildConfigurations = (
				4D6B908E1FE5DB260071DB46 /* Debug */,
				4D6B908F1FE5DB260071DB46 /* Release */,
			);
			defaultConfigurationIsVisible = 0;
			defaultConfigurationName = Release;
		};
		4D6B90901FE5DB260071DB46 /* Build configuration list for PBXNativeTarget "HelloWorldTests" */ = {
			isa = XCConfigurationList;
			buildConfigurations = (
				4D6B90911FE5DB260071DB46 /* Debug */,
				4D6B90921FE5DB260071DB46 /* Release */,
			);
			defaultConfigurationIsVisible = 0;
			defaultConfigurationName = Release;
		};
		4D6B90931FE5DB260071DB46 /* Build configuration list for PBXNativeTarget "HelloWorldUITests" */ = {
			isa = XCConfigurationList;
			buildConfigurations = (
				4D6B90941FE5DB260071DB46 /* Debug */,
				4D6B90951FE5DB260071DB46 /* Release */,
			);
			defaultConfigurationIsVisible = 0;
			defaultConfigurationName = Release;
		};
/* End XCConfigurationList section */
	};
	rootObject = 4D6B905D1FE5DB250071DB46 /* Project object */;
}
